// !$*UTF8*$!
{
	archiveVersion = 1;
	classes = {
	};
	objectVersion = 46;
	objects = {

/* Begin PBXGroup section */
		1A10D3291C19CCD400E1F092 = {
			isa = PBXGroup;
			children = (
			);
			sourceTree = "<group>";
		};
/* End PBXGroup section */

/* Begin PBXProject section */
		1A10D32A1C19CCD400E1F092 /* Project object */ = {
			isa = PBXProject;
			attributes = {
				LastUpgradeCheck = 0710;
			};
			buildConfigurationList = 1A10D32D1C19CCD400E1F092 /* Build configuration list for PBXProject "noctorus" */;
			compatibilityVersion = "Xcode 3.2";
			developmentRegion = English;
			hasScannedForEncodings = 0;
			knownRegions = (
				en,
			);
			mainGroup = 1A10D3291C19CCD400E1F092;
			projectDirPath = "";
			projectRoot = "";
			targets = (
			);
		};
/* End PBXProject section */

/* Begin XCBuildConfiguration section */
		1A10D32E1C19CCD400E1F092 /* Debug */ = {
			isa = XCBuildConfiguration;
			buildSettings = {
			};
			name = Debug;
		};
		1A10D32F1C19CCD400E1F092 /* Release */ = {
			isa = XCBuildConfiguration;
			buildSettings = {
			};
			name = Release;
		};
/* End XCBuildConfiguration section */

/* Begin XCConfigurationList section */
		1A10D32D1C19CCD400E1F092 /* Build configuration list for PBXProject "noctorus" */ = {
			isa = XCConfigurationList;
			buildConfigurations = (
				1A10D32E1C19CCD400E1F092 /* Debug */,
				1A10D32F1C19CCD400E1F092 /* Release */,
			);
			defaultConfigurationIsVisible = 0;
			defaultConfigurationName = Release;
		};
/* End XCConfigurationList section */
	};
	rootObject = 1A10D32A1C19CCD400E1F092 /* Project object */;
}
